
Microsoft Visual Studio Solution File, Format Version 12.00
# Visual Studio Version 17
VisualStudioVersion = 17.0.31919.166
MinimumVisualStudioVersion = 10.0.40219.1
Project("{FAE04EC0-301F-11D3-BF4B-00C04F79EFBC}") = "OrderItemsReserver", "OrderItemsReserver.csproj", "{FA9D4AC6-3456-416B-A50F-996CE23DB169}"
EndProject
Global
	GlobalSection(SolutionConfigurationPlatforms) = preSolution
		Debug|Any CPU = Debug|Any CPU
		Release|Any CPU = Release|Any CPU
	EndGlobalSection
	GlobalSection(ProjectConfigurationPlatforms) = postSolution
		{FA9D4AC6-3456-416B-A50F-996CE23DB169}.Debug|Any CPU.ActiveCfg = Debug|Any CPU
		{FA9D4AC6-3456-416B-A50F-996CE23DB169}.Debug|Any CPU.Build.0 = Debug|Any CPU
		{FA9D4AC6-3456-416B-A50F-996CE23DB169}.Release|Any CPU.ActiveCfg = Release|Any CPU
		{FA9D4AC6-3456-416B-A50F-996CE23DB169}.Release|Any CPU.Build.0 = Release|Any CPU
	EndGlobalSection
	GlobalSection(SolutionProperties) = preSolution
		HideSolutionNode = FALSE
	EndGlobalSection
	GlobalSection(ExtensibilityGlobals) = postSolution
		SolutionGuid = {12C65FED-2C8E-44CB-A4DC-4FDF2EB9CA64}
	EndGlobalSection
EndGlobal
